
Microsoft Visual Studio Solution File, Format Version 12.00
# Visual Studio Version 17
VisualStudioVersion = 17.4.33403.182
MinimumVisualStudioVersion = 10.0.40219.1
Project("{9A19103F-16F7-4668-BE54-9A1E7A4F7556}") = "RiseAssessment.API", "RiseAssessment.API\RiseAssessment.API.csproj", "{73B0ABEF-5184-47D1-83F9-A738C34584A9}"
EndProject
Project("{9A19103F-16F7-4668-BE54-9A1E7A4F7556}") = "RiseAssessment.Web", "RiseAssessment.Web\RiseAssessment.Web.csproj", "{D7E490F6-45E3-4C99-83CA-3C251232A2BF}"
EndProject
Project("{E53339B2-1760-4266-BCC7-CA923CBCF16C}") = "docker-compose", "docker-compose.dcproj", "{70D2F958-790B-4AFF-BC07-941DCD667003}"
EndProject
Project("{FAE04EC0-301F-11D3-BF4B-00C04F79EFBC}") = "RiseAssessment.Api.Test", "..\RiseAssessment.Api.Test\RiseAssessment.Api.Test.csproj", "{CC6A010D-F3DB-49CD-883C-F47A2BEE740E}"
EndProject
Global
	GlobalSection(SolutionConfigurationPlatforms) = preSolution
		Debug|Any CPU = Debug|Any CPU
		Release|Any CPU = Release|Any CPU
	EndGlobalSection
	GlobalSection(ProjectConfigurationPlatforms) = postSolution
		{73B0ABEF-5184-47D1-83F9-A738C34584A9}.Debug|Any CPU.ActiveCfg = Debug|Any CPU
		{73B0ABEF-5184-47D1-83F9-A738C34584A9}.Debug|Any CPU.Build.0 = Debug|Any CPU
		{73B0ABEF-5184-47D1-83F9-A738C34584A9}.Release|Any CPU.ActiveCfg = Release|Any CPU
		{73B0ABEF-5184-47D1-83F9-A738C34584A9}.Release|Any CPU.Build.0 = Release|Any CPU
		{D7E490F6-45E3-4C99-83CA-3C251232A2BF}.Debug|Any CPU.ActiveCfg = Debug|Any CPU
		{D7E490F6-45E3-4C99-83CA-3C251232A2BF}.Debug|Any CPU.Build.0 = Debug|Any CPU
		{D7E490F6-45E3-4C99-83CA-3C251232A2BF}.Release|Any CPU.ActiveCfg = Release|Any CPU
		{D7E490F6-45E3-4C99-83CA-3C251232A2BF}.Release|Any CPU.Build.0 = Release|Any CPU
		{70D2F958-790B-4AFF-BC07-941DCD667003}.Debug|Any CPU.ActiveCfg = Debug|Any CPU
		{70D2F958-790B-4AFF-BC07-941DCD667003}.Debug|Any CPU.Build.0 = Debug|Any CPU
		{70D2F958-790B-4AFF-BC07-941DCD667003}.Release|Any CPU.ActiveCfg = Release|Any CPU
		{70D2F958-790B-4AFF-BC07-941DCD667003}.Release|Any CPU.Build.0 = Release|Any CPU
		{CC6A010D-F3DB-49CD-883C-F47A2BEE740E}.Debug|Any CPU.ActiveCfg = Debug|Any CPU
		{CC6A010D-F3DB-49CD-883C-F47A2BEE740E}.Debug|Any CPU.Build.0 = Debug|Any CPU
		{CC6A010D-F3DB-49CD-883C-F47A2BEE740E}.Release|Any CPU.ActiveCfg = Release|Any CPU
		{CC6A010D-F3DB-49CD-883C-F47A2BEE740E}.Release|Any CPU.Build.0 = Release|Any CPU
	EndGlobalSection
	GlobalSection(SolutionProperties) = preSolution
		HideSolutionNode = FALSE
	EndGlobalSection
	GlobalSection(ExtensibilityGlobals) = postSolution
		SolutionGuid = {9B15ED57-8A21-4082-8249-B431BFCF56A6}
	EndGlobalSection
EndGlobal
